
Microsoft Visual Studio Solution File, Format Version 12.00
# Visual Studio Version 17
VisualStudioVersion = 17.0.31903.59
MinimumVisualStudioVersion = 10.0.40219.1
Project("{FAE04EC0-301F-11D3-BF4B-00C04F79EFBC}") = "Shipstone.GamesTest", "Shipstone.GamesTest\Shipstone.GamesTest.csproj", "{4FC72A8C-07B4-4E2D-A1C0-6F3BE648DADB}"
EndProject
Project("{FAE04EC0-301F-11D3-BF4B-00C04F79EFBC}") = "Shipstone.Games", "Shipstone.Games\Shipstone.Games.csproj", "{690F83D2-5EA6-4D07-9275-DE6C87ED56DA}"
EndProject
Global
	GlobalSection(SolutionConfigurationPlatforms) = preSolution
		Debug|Any CPU = Debug|Any CPU
		Release|Any CPU = Release|Any CPU
	EndGlobalSection
	GlobalSection(SolutionProperties) = preSolution
		HideSolutionNode = FALSE
	EndGlobalSection
	GlobalSection(ProjectConfigurationPlatforms) = postSolution
		{4FC72A8C-07B4-4E2D-A1C0-6F3BE648DADB}.Debug|Any CPU.ActiveCfg = Debug|Any CPU
		{4FC72A8C-07B4-4E2D-A1C0-6F3BE648DADB}.Debug|Any CPU.Build.0 = Debug|Any CPU
		{4FC72A8C-07B4-4E2D-A1C0-6F3BE648DADB}.Release|Any CPU.ActiveCfg = Release|Any CPU
		{4FC72A8C-07B4-4E2D-A1C0-6F3BE648DADB}.Release|Any CPU.Build.0 = Release|Any CPU
		{690F83D2-5EA6-4D07-9275-DE6C87ED56DA}.Debug|Any CPU.ActiveCfg = Debug|Any CPU
		{690F83D2-5EA6-4D07-9275-DE6C87ED56DA}.Debug|Any CPU.Build.0 = Debug|Any CPU
		{690F83D2-5EA6-4D07-9275-DE6C87ED56DA}.Release|Any CPU.ActiveCfg = Release|Any CPU
		{690F83D2-5EA6-4D07-9275-DE6C87ED56DA}.Release|Any CPU.Build.0 = Release|Any CPU
	EndGlobalSection
EndGlobal
